
Microsoft Visual Studio Solution File, Format Version 12.00
# Visual Studio Version 17
VisualStudioVersion = 17.9.34728.123
MinimumVisualStudioVersion = 10.0.40219.1
Project("{9A19103F-16F7-4668-BE54-9A1E7A4F7556}") = "TreinamentoPushNuGet", "TreinamentoPushNuGet.csproj", "{028EB056-9E86-4CFA-A25A-74BFA3B7DC6C}"
EndProject
Global
	GlobalSection(SolutionConfigurationPlatforms) = preSolution
		Debug|Any CPU = Debug|Any CPU
		Release|Any CPU = Release|Any CPU
	EndGlobalSection
	GlobalSection(ProjectConfigurationPlatforms) = postSolution
		{028EB056-9E86-4CFA-A25A-74BFA3B7DC6C}.Debug|Any CPU.ActiveCfg = Debug|Any CPU
		{028EB056-9E86-4CFA-A25A-74BFA3B7DC6C}.Debug|Any CPU.Build.0 = Debug|Any CPU
		{028EB056-9E86-4CFA-A25A-74BFA3B7DC6C}.Release|Any CPU.ActiveCfg = Release|Any CPU
		{028EB056-9E86-4CFA-A25A-74BFA3B7DC6C}.Release|Any CPU.Build.0 = Release|Any CPU
	EndGlobalSection
	GlobalSection(SolutionProperties) = preSolution
		HideSolutionNode = FALSE
	EndGlobalSection
	GlobalSection(ExtensibilityGlobals) = postSolution
		SolutionGuid = {28C82843-9607-4CE2-A558-AC27503F337D}
	EndGlobalSection
EndGlobal
